Microsoft Visual Studio Solution File, Format Version 12.00
# Visual Studio Version 17
VisualStudioVersion = 17.8.34408.163
MinimumVisualStudioVersion = 10.0.40219.1
Project("{8BC9CEB8-8B4A-11D0-8D11-00A0C91BC942}") = "triangle", "triangle\triangle.vcxproj", "{465BF3EC-D6C9-4202-833D-CE97A70D95E0}"
EndProject
Project("{8BC9CEB8-8B4A-11D0-8D11-00A0C91BC942}") = "tiny_100_lines", "tiny_100_lines\tiny_100_lines.vcxproj", "{A4E0B045-7771-4C68-93CC-2F47195D17BD}"
EndProject
Project("{8BC9CEB8-8B4A-11D0-8D11-00A0C91BC942}") = "skinning_dx12_cuda_tensors", "skinning_dx12_cuda_tensors\skinning_dx12_cuda_tensors.vcxproj", "{24DD072C-96AD-4D83-9B9A-57806BF69B8B}"
EndProject
Project("{2150E333-8FDC-42A3-9474-1A3956D46DE8}") = "Solution Items", "Solution Items", "{96C469DA-B5C5-425F-A405-797787EF2138}"
	ProjectSection(SolutionItems) = preProject
		..\..\README.md = ..\..\README.md
	EndProjectSection
EndProject
Project("{8BC9CEB8-8B4A-11D0-8D11-00A0C91BC942}") = "glTF", "glTF\gltf.vcxproj", "{19731394-AF1A-4718-9559-339BDB5C9BFD}"
EndProject
Global
	GlobalSection(SolutionConfigurationPlatforms) = preSolution
		Debug|x64 = Debug|x64
		Debug|x86 = Debug|x86
		Release|x64 = Release|x64
		Release|x86 = Release|x86
	EndGlobalSection
	GlobalSection(ProjectConfigurationPlatforms) = postSolution
		{465BF3EC-D6C9-4202-833D-CE97A70D95E0}.Debug|x64.ActiveCfg = Debug|x64
		{465BF3EC-D6C9-4202-833D-CE97A70D95E0}.Debug|x64.Build.0 = Debug|x64
		{465BF3EC-D6C9-4202-833D-CE97A70D95E0}.Debug|x86.ActiveCfg = Debug|Win32
		{465BF3EC-D6C9-4202-833D-CE97A70D95E0}.Debug|x86.Build.0 = Debug|Win32
		{465BF3EC-D6C9-4202-833D-CE97A70D95E0}.Release|x64.ActiveCfg = Release|x64
		{465BF3EC-D6C9-4202-833D-CE97A70D95E0}.Release|x64.Build.0 = Release|x64
		{465BF3EC-D6C9-4202-833D-CE97A70D95E0}.Release|x86.ActiveCfg = Release|Win32
		{465BF3EC-D6C9-4202-833D-CE97A70D95E0}.Release|x86.Build.0 = Release|Win32
		{A4E0B045-7771-4C68-93CC-2F47195D17BD}.Debug|x64.ActiveCfg = Debug|x64
		{A4E0B045-7771-4C68-93CC-2F47195D17BD}.Debug|x64.Build.0 = Debug|x64
		{A4E0B045-7771-4C68-93CC-2F47195D17BD}.Debug|x86.ActiveCfg = Debug|Win32
		{A4E0B045-7771-4C68-93CC-2F47195D17BD}.Debug|x86.Build.0 = Debug|Win32
		{A4E0B045-7771-4C68-93CC-2F47195D17BD}.Release|x64.ActiveCfg = Release|x64
		{A4E0B045-7771-4C68-93CC-2F47195D17BD}.Release|x64.Build.0 = Release|x64
		{A4E0B045-7771-4C68-93CC-2F47195D17BD}.Release|x86.ActiveCfg = Release|Win32
		{A4E0B045-7771-4C68-93CC-2F47195D17BD}.Release|x86.Build.0 = Release|Win32
		{24DD072C-96AD-4D83-9B9A-57806BF69B8B}.Debug|x64.ActiveCfg = Debug|x64
		{24DD072C-96AD-4D83-9B9A-57806BF69B8B}.Debug|x64.Build.0 = Debug|x64
		{24DD072C-96AD-4D83-9B9A-57806BF69B8B}.Debug|x86.ActiveCfg = Debug|Win32
		{24DD072C-96AD-4D83-9B9A-57806BF69B8B}.Debug|x86.Build.0 = Debug|Win32
		{24DD072C-96AD-4D83-9B9A-57806BF69B8B}.Release|x64.ActiveCfg = Release|x64
		{24DD072C-96AD-4D83-9B9A-57806BF69B8B}.Release|x64.Build.0 = Release|x64
		{24DD072C-96AD-4D83-9B9A-57806BF69B8B}.Release|x86.ActiveCfg = Release|Win32
		{24DD072C-96AD-4D83-9B9A-57806BF69B8B}.Release|x86.Build.0 = Release|Win32
		{19731394-AF1A-4718-9559-339BDB5C9BFD}.Debug|x64.ActiveCfg = Debug|x64
		{19731394-AF1A-4718-9559-339BDB5C9BFD}.Debug|x64.Build.0 = Debug|x64
		{19731394-AF1A-4718-9559-339BDB5C9BFD}.Debug|x86.ActiveCfg = Debug|Win32
		{19731394-AF1A-4718-9559-339BDB5C9BFD}.Debug|x86.Build.0 = Debug|Win32
		{19731394-AF1A-4718-9559-339BDB5C9BFD}.Release|x64.ActiveCfg = Release|x64
		{19731394-AF1A-4718-9559-339BDB5C9BFD}.Release|x64.Build.0 = Release|x64
		{19731394-AF1A-4718-9559-339BDB5C9BFD}.Release|x86.ActiveCfg = Release|Win32
		{19731394-AF1A-4718-9559-339BDB5C9BFD}.Release|x86.Build.0 = Release|Win32
	EndGlobalSection
	GlobalSection(SolutionProperties) = preSolution
		HideSolutionNode = FALSE
	EndGlobalSection
	GlobalSection(ExtensibilityGlobals) = postSolution
		SolutionGuid = {2731F6CD-78E6-45A9-8BD9-A614C4474701}
	EndGlobalSection
EndGlobal
